
Microsoft Visual Studio Solution File, Format Version 12.00
# Visual Studio Version 17
VisualStudioVersion = 17.9.34723.18
MinimumVisualStudioVersion = 10.0.40219.1
Project("{FAE04EC0-301F-11D3-BF4B-00C04F79EFBC}") = "SVPP_CS_WPF_Lab2_task1_Driving_license", "SVPP_CS_WPF_Lab2_task1_Driving_license.csproj", "{DCD64F0C-7E05-4C3A-A66B-02D1AB5A0D37}"
EndProject
Global
	GlobalSection(SolutionConfigurationPlatforms) = preSolution
		Debug|Any CPU = Debug|Any CPU
		Release|Any CPU = Release|Any CPU
	EndGlobalSection
	GlobalSection(ProjectConfigurationPlatforms) = postSolution
		{DCD64F0C-7E05-4C3A-A66B-02D1AB5A0D37}.Debug|Any CPU.ActiveCfg = Debug|Any CPU
		{DCD64F0C-7E05-4C3A-A66B-02D1AB5A0D37}.Debug|Any CPU.Build.0 = Debug|Any CPU
		{DCD64F0C-7E05-4C3A-A66B-02D1AB5A0D37}.Release|Any CPU.ActiveCfg = Release|Any CPU
		{DCD64F0C-7E05-4C3A-A66B-02D1AB5A0D37}.Release|Any CPU.Build.0 = Release|Any CPU
	EndGlobalSection
	GlobalSection(SolutionProperties) = preSolution
		HideSolutionNode = FALSE
	EndGlobalSection
	GlobalSection(ExtensibilityGlobals) = postSolution
		SolutionGuid = {9E5A6B79-875A-41C0-AF39-20B1F4DA3DF9}
	EndGlobalSection
EndGlobal
